# This file is automatically @generated by Cargo.
# It is not intended for manual editing.
version = 4

[[package]]
name = "log"
version = "0.4.33"
source = "registry+https://github.com/rust-lang/crates.io-index"
checksum = "0ceec5bc11778974d1bcb055b18002eba7f4b3518b6a0081b3af5f21666da9ad"

[[package]]
name = "ordeal"
version = "0.5.1"
dependencies = [
 "ordeal-lrat",
 "z3",
]

[[package]]
name = "ordeal-lrat"
version = "0.5.1"

[[package]]
name = "pkg-config"
version = "0.3.33"
source = "registry+https://github.com/rust-lang/crates.io-index"
checksum = "19f132c84eca552bf34cab8ec81f1c1dcc229b811638f9d283dceabe58c5569e"

[[package]]
name = "z3"
version = "0.20.2"
source = "registry+https://github.com/rust-lang/crates.io-index"
checksum = "80c4de445f5c9e3013703a6b8a40c80b4a64c925f0a19e7d0a23a7a9b70e854d"
dependencies = [
 "log",
 "z3-sys",
]

[[package]]
name = "z3-sys"
version = "0.11.0"
source = "registry+https://github.com/rust-lang/crates.io-index"
checksum = "c18b0a91a13522d21b3414847667de2b2056a721a3edcb5b6ee6858352d58db4"
dependencies = [
 "pkg-config",
]
